
Microsoft Visual Studio Solution File, Format Version 12.00
# Visual Studio 15
VisualStudioVersion = 15.0.28307.779
MinimumVisualStudioVersion = 10.0.40219.1
Project("{FAE04EC0-301F-11D3-BF4B-00C04F79EFBC}") = "LibParametros", "LibParametros\LibParametros.csproj", "{58383102-AF19-4764-840C-432B947F3CEE}"
EndProject
Project("{2150E333-8FDC-42A3-9474-1A3956D46DE8}") = "Solution Items", "Solution Items", "{422F7320-EA23-4BAF-AB1C-C7EB1CE33540}"
	ProjectSection(SolutionItems) = preProject
		CON_WebLeerXML.xml = CON_WebLeerXML.xml
	EndProjectSection
EndProject
Global
	GlobalSection(SolutionConfigurationPlatforms) = preSolution
		Debug|Any CPU = Debug|Any CPU
		Release|Any CPU = Release|Any CPU
	EndGlobalSection
	GlobalSection(ProjectConfigurationPlatforms) = postSolution
		{58383102-AF19-4764-840C-432B947F3CEE}.Debug|Any CPU.ActiveCfg = Debug|Any CPU
		{58383102-AF19-4764-840C-432B947F3CEE}.Debug|Any CPU.Build.0 = Debug|Any CPU
		{58383102-AF19-4764-840C-432B947F3CEE}.Release|Any CPU.ActiveCfg = Release|Any CPU
		{58383102-AF19-4764-840C-432B947F3CEE}.Release|Any CPU.Build.0 = Release|Any CPU
	EndGlobalSection
	GlobalSection(SolutionProperties) = preSolution
		HideSolutionNode = FALSE
	EndGlobalSection
	GlobalSection(ExtensibilityGlobals) = postSolution
		SolutionGuid = {66FF824D-FA6F-4544-9A9B-BAF12771ED5A}
	EndGlobalSection
EndGlobal
